
Microsoft Visual Studio Solution File, Format Version 12.00
# Visual Studio Version 16
VisualStudioVersion = 16.0.30711.63
MinimumVisualStudioVersion = 10.0.40219.1
Project("{FAE04EC0-301F-11D3-BF4B-00C04F79EFBC}") = "DotNet5AndCSharp9Tests", "DotNet5AndCSharp9Tests.csproj", "{FD896ECE-13BB-48FD-BB22-EBB2A1D138D6}"
EndProject
Global
	GlobalSection(SolutionConfigurationPlatforms) = preSolution
		Debug|Any CPU = Debug|Any CPU
		Release|Any CPU = Release|Any CPU
	EndGlobalSection
	GlobalSection(ProjectConfigurationPlatforms) = postSolution
		{FD896ECE-13BB-48FD-BB22-EBB2A1D138D6}.Debug|Any CPU.ActiveCfg = Debug|Any CPU
		{FD896ECE-13BB-48FD-BB22-EBB2A1D138D6}.Debug|Any CPU.Build.0 = Debug|Any CPU
		{FD896ECE-13BB-48FD-BB22-EBB2A1D138D6}.Release|Any CPU.ActiveCfg = Release|Any CPU
		{FD896ECE-13BB-48FD-BB22-EBB2A1D138D6}.Release|Any CPU.Build.0 = Release|Any CPU
	EndGlobalSection
	GlobalSection(SolutionProperties) = preSolution
		HideSolutionNode = FALSE
	EndGlobalSection
	GlobalSection(ExtensibilityGlobals) = postSolution
		SolutionGuid = {2CEB20E5-073A-4666-8DA3-177383861B31}
	EndGlobalSection
EndGlobal
